<Solution>
  <Project Path="Banking.Accounts/Banking.Accounts.csproj" />
  <Project Path="Banking.Shared/Banking.Shared.csproj" />
  <Project Path="Banking.Api/Banking.Api.csproj" />
  <Project Path="Banking.Transactions/Banking.Transactions.csproj" />
  <Project Path="Banking.Users/Banking.Users.csproj" />
</Solution>
